
Microsoft Visual Studio Solution File, Format Version 12.00
# Visual Studio Version 17
VisualStudioVersion = 17.7.34202.233
MinimumVisualStudioVersion = 10.0.40219.1
Project("{8BC9CEB8-8B4A-11D0-8D11-00A0C91BC942}") = "HidProxy", "HidProxy\HidProxy.vcxproj", "{1A142110-E799-4C56-8E86-2C5CE40FFECA}"
EndProject
Project("{8BC9CEB8-8B4A-11D0-8D11-00A0C91BC942}") = "HidProxyTest", "HidProxyTest\HidProxyTest.vcxproj", "{EBBE5486-3607-43E0-9271-4CFD59144216}"
EndProject
Project("{8BC9CEB8-8B4A-11D0-8D11-00A0C91BC942}") = "LibHidpRT", "LibHidpRT\LibHidpRT.vcxproj", "{3098A25B-0EAB-4395-9EA2-4B44500299B3}"
EndProject
Project("{9A19103F-16F7-4668-BE54-9A1E7A4F7556}") = "LibHidpTestSharp", "LibHidpTestSharp\LibHidpTestSharp.csproj", "{8680654A-F825-427C-8BF6-FCADF3734068}"
EndProject
Project("{8BC9CEB8-8B4A-11D0-8D11-00A0C91BC942}") = "AoaRT", "AoaRT\AoaRT.vcxproj", "{9A120492-1115-4AF8-BC49-2EAF498DD83F}"
EndProject
Project("{9A19103F-16F7-4668-BE54-9A1E7A4F7556}") = "AoaRTTest", "AoaRTTest\AoaRTTest.csproj", "{ACA59080-4377-46B1-BE0E-E9E6C00AFEF2}"
EndProject
Project("{FAE04EC0-301F-11D3-BF4B-00C04F79EFBC}") = "BooxAsDigitizer.Test", "BooxAsDigitizer.Test\BooxAsDigitizer.Test.csproj", "{DF3A9658-BAC4-4B23-8444-6357EB9425A3}"
EndProject
Global
	GlobalSection(SolutionConfigurationPlatforms) = preSolution
		Debug|Any CPU = Debug|Any CPU
		Debug|ARM = Debug|ARM
		Debug|ARM64 = Debug|ARM64
		Debug|x64 = Debug|x64
		Debug|x86 = Debug|x86
		Release|Any CPU = Release|Any CPU
		Release|ARM = Release|ARM
		Release|ARM64 = Release|ARM64
		Release|x64 = Release|x64
		Release|x86 = Release|x86
	EndGlobalSection
	GlobalSection(ProjectConfigurationPlatforms) = postSolution
		{1A142110-E799-4C56-8E86-2C5CE40FFECA}.Debug|Any CPU.ActiveCfg = Debug|x64
		{1A142110-E799-4C56-8E86-2C5CE40FFECA}.Debug|Any CPU.Build.0 = Debug|x64
		{1A142110-E799-4C56-8E86-2C5CE40FFECA}.Debug|Any CPU.Deploy.0 = Debug|x64
		{1A142110-E799-4C56-8E86-2C5CE40FFECA}.Debug|ARM.ActiveCfg = Debug|x64
		{1A142110-E799-4C56-8E86-2C5CE40FFECA}.Debug|ARM.Build.0 = Debug|x64
		{1A142110-E799-4C56-8E86-2C5CE40FFECA}.Debug|ARM.Deploy.0 = Debug|x64
		{1A142110-E799-4C56-8E86-2C5CE40FFECA}.Debug|ARM64.ActiveCfg = Debug|ARM64
		{1A142110-E799-4C56-8E86-2C5CE40FFECA}.Debug|ARM64.Build.0 = Debug|ARM64
		{1A142110-E799-4C56-8E86-2C5CE40FFECA}.Debug|ARM64.Deploy.0 = Debug|ARM64
		{1A142110-E799-4C56-8E86-2C5CE40FFECA}.Debug|x64.ActiveCfg = Debug|x64
		{1A142110-E799-4C56-8E86-2C5CE40FFECA}.Debug|x64.Build.0 = Debug|x64
		{1A142110-E799-4C56-8E86-2C5CE40FFECA}.Debug|x64.Deploy.0 = Debug|x64
		{1A142110-E799-4C56-8E86-2C5CE40FFECA}.Debug|x86.ActiveCfg = Debug|x64
		{1A142110-E799-4C56-8E86-2C5CE40FFECA}.Debug|x86.Build.0 = Debug|x64
		{1A142110-E799-4C56-8E86-2C5CE40FFECA}.Debug|x86.Deploy.0 = Debug|x64
		{1A142110-E799-4C56-8E86-2C5CE40FFECA}.Release|Any CPU.ActiveCfg = Release|x64
		{1A142110-E799-4C56-8E86-2C5CE40FFECA}.Release|Any CPU.Build.0 = Release|x64
		{1A142110-E799-4C56-8E86-2C5CE40FFECA}.Release|Any CPU.Deploy.0 = Release|x64
		{1A142110-E799-4C56-8E86-2C5CE40FFECA}.Release|ARM.ActiveCfg = Release|x64
		{1A142110-E799-4C56-8E86-2C5CE40FFECA}.Release|ARM.Build.0 = Release|x64
		{1A142110-E799-4C56-8E86-2C5CE40FFECA}.Release|ARM.Deploy.0 = Release|x64
		{1A142110-E799-4C56-8E86-2C5CE40FFECA}.Release|ARM64.ActiveCfg = Release|ARM64
		{1A142110-E799-4C56-8E86-2C5CE40FFECA}.Release|ARM64.Build.0 = Release|ARM64
		{1A142110-E799-4C56-8E86-2C5CE40FFECA}.Release|ARM64.Deploy.0 = Release|ARM64
		{1A142110-E799-4C56-8E86-2C5CE40FFECA}.Release|x64.ActiveCfg = Release|x64
		{1A142110-E799-4C56-8E86-2C5CE40FFECA}.Release|x64.Build.0 = Release|x64
		{1A142110-E799-4C56-8E86-2C5CE40FFECA}.Release|x64.Deploy.0 = Release|x64
		{1A142110-E799-4C56-8E86-2C5CE40FFECA}.Release|x86.ActiveCfg = Release|x64
		{1A142110-E799-4C56-8E86-2C5CE40FFECA}.Release|x86.Build.0 = Release|x64
		{1A142110-E799-4C56-8E86-2C5CE40FFECA}.Release|x86.Deploy.0 = Release|x64
		{EBBE5486-3607-43E0-9271-4CFD59144216}.Debug|Any CPU.ActiveCfg = Debug|x64
		{EBBE5486-3607-43E0-9271-4CFD59144216}.Debug|Any CPU.Build.0 = Debug|x64
		{EBBE5486-3607-43E0-9271-4CFD59144216}.Debug|ARM.ActiveCfg = Debug|x64
		{EBBE5486-3607-43E0-9271-4CFD59144216}.Debug|ARM.Build.0 = Debug|x64
		{EBBE5486-3607-43E0-9271-4CFD59144216}.Debug|ARM64.ActiveCfg = Debug|x64
		{EBBE5486-3607-43E0-9271-4CFD59144216}.Debug|ARM64.Build.0 = Debug|x64
		{EBBE5486-3607-43E0-9271-4CFD59144216}.Debug|x64.ActiveCfg = Debug|x64
		{EBBE5486-3607-43E0-9271-4CFD59144216}.Debug|x64.Build.0 = Debug|x64
		{EBBE5486-3607-43E0-9271-4CFD59144216}.Debug|x86.ActiveCfg = Debug|Win32
		{EBBE5486-3607-43E0-9271-4CFD59144216}.Debug|x86.Build.0 = Debug|Win32
		{EBBE5486-3607-43E0-9271-4CFD59144216}.Release|Any CPU.ActiveCfg = Release|x64
		{EBBE5486-3607-43E0-9271-4CFD59144216}.Release|Any CPU.Build.0 = Release|x64
		{EBBE5486-3607-43E0-9271-4CFD59144216}.Release|ARM.ActiveCfg = Release|x64
		{EBBE5486-3607-43E0-9271-4CFD59144216}.Release|ARM.Build.0 = Release|x64
		{EBBE5486-3607-43E0-9271-4CFD59144216}.Release|ARM64.ActiveCfg = Release|x64
		{EBBE5486-3607-43E0-9271-4CFD59144216}.Release|ARM64.Build.0 = Release|x64
		{EBBE5486-3607-43E0-9271-4CFD59144216}.Release|x64.ActiveCfg = Release|x64
		{EBBE5486-3607-43E0-9271-4CFD59144216}.Release|x64.Build.0 = Release|x64
		{EBBE5486-3607-43E0-9271-4CFD59144216}.Release|x86.ActiveCfg = Release|Win32
		{EBBE5486-3607-43E0-9271-4CFD59144216}.Release|x86.Build.0 = Release|Win32
		{3098A25B-0EAB-4395-9EA2-4B44500299B3}.Debug|Any CPU.ActiveCfg = Debug|x64
		{3098A25B-0EAB-4395-9EA2-4B44500299B3}.Debug|Any CPU.Build.0 = Debug|x64
		{3098A25B-0EAB-4395-9EA2-4B44500299B3}.Debug|ARM.ActiveCfg = Debug|ARM
		{3098A25B-0EAB-4395-9EA2-4B44500299B3}.Debug|ARM.Build.0 = Debug|ARM
		{3098A25B-0EAB-4395-9EA2-4B44500299B3}.Debug|ARM64.ActiveCfg = Debug|ARM64
		{3098A25B-0EAB-4395-9EA2-4B44500299B3}.Debug|ARM64.Build.0 = Debug|ARM64
		{3098A25B-0EAB-4395-9EA2-4B44500299B3}.Debug|x64.ActiveCfg = Debug|x64
		{3098A25B-0EAB-4395-9EA2-4B44500299B3}.Debug|x64.Build.0 = Debug|x64
		{3098A25B-0EAB-4395-9EA2-4B44500299B3}.Debug|x86.ActiveCfg = Debug|Win32
		{3098A25B-0EAB-4395-9EA2-4B44500299B3}.Debug|x86.Build.0 = Debug|Win32
		{3098A25B-0EAB-4395-9EA2-4B44500299B3}.Release|Any CPU.ActiveCfg = Release|x64
		{3098A25B-0EAB-4395-9EA2-4B44500299B3}.Release|Any CPU.Build.0 = Release|x64
		{3098A25B-0EAB-4395-9EA2-4B44500299B3}.Release|ARM.ActiveCfg = Release|ARM
		{3098A25B-0EAB-4395-9EA2-4B44500299B3}.Release|ARM.Build.0 = Release|ARM
		{3098A25B-0EAB-4395-9EA2-4B44500299B3}.Release|ARM64.ActiveCfg = Release|ARM64
		{3098A25B-0EAB-4395-9EA2-4B44500299B3}.Release|ARM64.Build.0 = Release|ARM64
		{3098A25B-0EAB-4395-9EA2-4B44500299B3}.Release|x64.ActiveCfg = Release|x64
		{3098A25B-0EAB-4395-9EA2-4B44500299B3}.Release|x64.Build.0 = Release|x64
		{3098A25B-0EAB-4395-9EA2-4B44500299B3}.Release|x86.ActiveCfg = Release|Win32
		{3098A25B-0EAB-4395-9EA2-4B44500299B3}.Release|x86.Build.0 = Release|Win32
		{8680654A-F825-427C-8BF6-FCADF3734068}.Debug|Any CPU.ActiveCfg = Debug|Any CPU
		{8680654A-F825-427C-8BF6-FCADF3734068}.Debug|Any CPU.Build.0 = Debug|Any CPU
		{8680654A-F825-427C-8BF6-FCADF3734068}.Debug|ARM.ActiveCfg = Debug|Any CPU
		{8680654A-F825-427C-8BF6-FCADF3734068}.Debug|ARM.Build.0 = Debug|Any CPU
		{8680654A-F825-427C-8BF6-FCADF3734068}.Debug|ARM64.ActiveCfg = Debug|Any CPU
		{8680654A-F825-427C-8BF6-FCADF3734068}.Debug|ARM64.Build.0 = Debug|Any CPU
		{8680654A-F825-427C-8BF6-FCADF3734068}.Debug|x64.ActiveCfg = Debug|Any CPU
		{8680654A-F825-427C-8BF6-FCADF3734068}.Debug|x64.Build.0 = Debug|Any CPU
		{8680654A-F825-427C-8BF6-FCADF3734068}.Debug|x86.ActiveCfg = Debug|Any CPU
		{8680654A-F825-427C-8BF6-FCADF3734068}.Debug|x86.Build.0 = Debug|Any CPU
		{8680654A-F825-427C-8BF6-FCADF3734068}.Release|Any CPU.ActiveCfg = Release|Any CPU
		{8680654A-F825-427C-8BF6-FCADF3734068}.Release|Any CPU.Build.0 = Release|Any CPU
		{8680654A-F825-427C-8BF6-FCADF3734068}.Release|ARM.ActiveCfg = Release|Any CPU
		{8680654A-F825-427C-8BF6-FCADF3734068}.Release|ARM.Build.0 = Release|Any CPU
		{8680654A-F825-427C-8BF6-FCADF3734068}.Release|ARM64.ActiveCfg = Release|Any CPU
		{8680654A-F825-427C-8BF6-FCADF3734068}.Release|ARM64.Build.0 = Release|Any CPU
		{8680654A-F825-427C-8BF6-FCADF3734068}.Release|x64.ActiveCfg = Release|Any CPU
		{8680654A-F825-427C-8BF6-FCADF3734068}.Release|x64.Build.0 = Release|Any CPU
		{8680654A-F825-427C-8BF6-FCADF3734068}.Release|x86.ActiveCfg = Release|Any CPU
		{8680654A-F825-427C-8BF6-FCADF3734068}.Release|x86.Build.0 = Release|Any CPU
		{9A120492-1115-4AF8-BC49-2EAF498DD83F}.Debug|Any CPU.ActiveCfg = Debug|x64
		{9A120492-1115-4AF8-BC49-2EAF498DD83F}.Debug|Any CPU.Build.0 = Debug|x64
		{9A120492-1115-4AF8-BC49-2EAF498DD83F}.Debug|ARM.ActiveCfg = Debug|ARM
		{9A120492-1115-4AF8-BC49-2EAF498DD83F}.Debug|ARM.Build.0 = Debug|ARM
		{9A120492-1115-4AF8-BC49-2EAF498DD83F}.Debug|ARM64.ActiveCfg = Debug|ARM64
		{9A120492-1115-4AF8-BC49-2EAF498DD83F}.Debug|ARM64.Build.0 = Debug|ARM64
		{9A120492-1115-4AF8-BC49-2EAF498DD83F}.Debug|x64.ActiveCfg = Debug|x64
		{9A120492-1115-4AF8-BC49-2EAF498DD83F}.Debug|x64.Build.0 = Debug|x64
		{9A120492-1115-4AF8-BC49-2EAF498DD83F}.Debug|x86.ActiveCfg = Debug|Win32
		{9A120492-1115-4AF8-BC49-2EAF498DD83F}.Debug|x86.Build.0 = Debug|Win32
		{9A120492-1115-4AF8-BC49-2EAF498DD83F}.Release|Any CPU.ActiveCfg = Release|x64
		{9A120492-1115-4AF8-BC49-2EAF498DD83F}.Release|Any CPU.Build.0 = Release|x64
		{9A120492-1115-4AF8-BC49-2EAF498DD83F}.Release|ARM.ActiveCfg = Release|ARM
		{9A120492-1115-4AF8-BC49-2EAF498DD83F}.Release|ARM.Build.0 = Release|ARM
		{9A120492-1115-4AF8-BC49-2EAF498DD83F}.Release|ARM64.ActiveCfg = Release|ARM64
		{9A120492-1115-4AF8-BC49-2EAF498DD83F}.Release|ARM64.Build.0 = Release|ARM64
		{9A120492-1115-4AF8-BC49-2EAF498DD83F}.Release|x64.ActiveCfg = Release|x64
		{9A120492-1115-4AF8-BC49-2EAF498DD83F}.Release|x64.Build.0 = Release|x64
		{9A120492-1115-4AF8-BC49-2EAF498DD83F}.Release|x86.ActiveCfg = Release|Win32
		{9A120492-1115-4AF8-BC49-2EAF498DD83F}.Release|x86.Build.0 = Release|Win32
		{ACA59080-4377-46B1-BE0E-E9E6C00AFEF2}.Debug|Any CPU.ActiveCfg = Debug|Any CPU
		{ACA59080-4377-46B1-BE0E-E9E6C00AFEF2}.Debug|Any CPU.Build.0 = Debug|Any CPU
		{ACA59080-4377-46B1-BE0E-E9E6C00AFEF2}.Debug|ARM.ActiveCfg = Debug|Any CPU
		{ACA59080-4377-46B1-BE0E-E9E6C00AFEF2}.Debug|ARM.Build.0 = Debug|Any CPU
		{ACA59080-4377-46B1-BE0E-E9E6C00AFEF2}.Debug|ARM64.ActiveCfg = Debug|Any CPU
		{ACA59080-4377-46B1-BE0E-E9E6C00AFEF2}.Debug|ARM64.Build.0 = Debug|Any CPU
		{ACA59080-4377-46B1-BE0E-E9E6C00AFEF2}.Debug|x64.ActiveCfg = Debug|Any CPU
		{ACA59080-4377-46B1-BE0E-E9E6C00AFEF2}.Debug|x64.Build.0 = Debug|Any CPU
		{ACA59080-4377-46B1-BE0E-E9E6C00AFEF2}.Debug|x86.ActiveCfg = Debug|Any CPU
		{ACA59080-4377-46B1-BE0E-E9E6C00AFEF2}.Debug|x86.Build.0 = Debug|Any CPU
		{ACA59080-4377-46B1-BE0E-E9E6C00AFEF2}.Release|Any CPU.ActiveCfg = Release|Any CPU
		{ACA59080-4377-46B1-BE0E-E9E6C00AFEF2}.Release|Any CPU.Build.0 = Release|Any CPU
		{ACA59080-4377-46B1-BE0E-E9E6C00AFEF2}.Release|ARM.ActiveCfg = Release|Any CPU
		{ACA59080-4377-46B1-BE0E-E9E6C00AFEF2}.Release|ARM.Build.0 = Release|Any CPU
		{ACA59080-4377-46B1-BE0E-E9E6C00AFEF2}.Release|ARM64.ActiveCfg = Release|Any CPU
		{ACA59080-4377-46B1-BE0E-E9E6C00AFEF2}.Release|ARM64.Build.0 = Release|Any CPU
		{ACA59080-4377-46B1-BE0E-E9E6C00AFEF2}.Release|x64.ActiveCfg = Release|Any CPU
		{ACA59080-4377-46B1-BE0E-E9E6C00AFEF2}.Release|x64.Build.0 = Release|Any CPU
		{ACA59080-4377-46B1-BE0E-E9E6C00AFEF2}.Release|x86.ActiveCfg = Release|Any CPU
		{ACA59080-4377-46B1-BE0E-E9E6C00AFEF2}.Release|x86.Build.0 = Release|Any CPU
		{DF3A9658-BAC4-4B23-8444-6357EB9425A3}.Debug|Any CPU.ActiveCfg = Debug|Any CPU
		{DF3A9658-BAC4-4B23-8444-6357EB9425A3}.Debug|Any CPU.Build.0 = Debug|Any CPU
		{DF3A9658-BAC4-4B23-8444-6357EB9425A3}.Debug|ARM.ActiveCfg = Debug|Any CPU
		{DF3A9658-BAC4-4B23-8444-6357EB9425A3}.Debug|ARM.Build.0 = Debug|Any CPU
		{DF3A9658-BAC4-4B23-8444-6357EB9425A3}.Debug|ARM64.ActiveCfg = Debug|Any CPU
		{DF3A9658-BAC4-4B23-8444-6357EB9425A3}.Debug|ARM64.Build.0 = Debug|Any CPU
		{DF3A9658-BAC4-4B23-8444-6357EB9425A3}.Debug|x64.ActiveCfg = Debug|Any CPU
		{DF3A9658-BAC4-4B23-8444-6357EB9425A3}.Debug|x64.Build.0 = Debug|Any CPU
		{DF3A9658-BAC4-4B23-8444-6357EB9425A3}.Debug|x86.ActiveCfg = Debug|Any CPU
		{DF3A9658-BAC4-4B23-8444-6357EB9425A3}.Debug|x86.Build.0 = Debug|Any CPU
		{DF3A9658-BAC4-4B23-8444-6357EB9425A3}.Release|Any CPU.ActiveCfg = Release|Any CPU
		{DF3A9658-BAC4-4B23-8444-6357EB9425A3}.Release|Any CPU.Build.0 = Release|Any CPU
		{DF3A9658-BAC4-4B23-8444-6357EB9425A3}.Release|ARM.ActiveCfg = Release|Any CPU
		{DF3A9658-BAC4-4B23-8444-6357EB9425A3}.Release|ARM.Build.0 = Release|Any CPU
		{DF3A9658-BAC4-4B23-8444-6357EB9425A3}.Release|ARM64.ActiveCfg = Release|Any CPU
		{DF3A9658-BAC4-4B23-8444-6357EB9425A3}.Release|ARM64.Build.0 = Release|Any CPU
		{DF3A9658-BAC4-4B23-8444-6357EB9425A3}.Release|x64.ActiveCfg = Release|Any CPU
		{DF3A9658-BAC4-4B23-8444-6357EB9425A3}.Release|x64.Build.0 = Release|Any CPU
		{DF3A9658-BAC4-4B23-8444-6357EB9425A3}.Release|x86.ActiveCfg = Release|Any CPU
		{DF3A9658-BAC4-4B23-8444-6357EB9425A3}.Release|x86.Build.0 = Release|Any CPU
	EndGlobalSection
	GlobalSection(SolutionProperties) = preSolution
		HideSolutionNode = FALSE
	EndGlobalSection
	GlobalSection(ExtensibilityGlobals) = postSolution
		SolutionGuid = {F690DE34-0AD3-4563-90AA-66E755C66193}
	EndGlobalSection
EndGlobal
